
Microsoft Visual Studio Solution File, Format Version 12.00
# Visual Studio 15
VisualStudioVersion = 15.0.28307.168
MinimumVisualStudioVersion = 10.0.40219.1
Project("{8BC9CEB8-8B4A-11D0-8D11-00A0C91BC942}") = "Lab2_2Sem", "Lab2_2Sem\Lab2_2Sem.vcxproj", "{BD439D7D-3B8B-4923-90D4-DDD4A233A487}"
EndProject
Project("{8BC9CEB8-8B4A-11D0-8D11-00A0C91BC942}") = "Task2", "Task2\Task2.vcxproj", "{82DF9131-D11B-488E-AA59-D4F320828368}"
EndProject
Global
	GlobalSection(SolutionConfigurationPlatforms) = preSolution
		Debug|x64 = Debug|x64
		Debug|x86 = Debug|x86
		Release|x64 = Release|x64
		Release|x86 = Release|x86
	EndGlobalSection
	GlobalSection(ProjectConfigurationPlatforms) = postSolution
		{BD439D7D-3B8B-4923-90D4-DDD4A233A487}.Debug|x64.ActiveCfg = Debug|x64
		{BD439D7D-3B8B-4923-90D4-DDD4A233A487}.Debug|x64.Build.0 = Debug|x64
		{BD439D7D-3B8B-4923-90D4-DDD4A233A487}.Debug|x86.ActiveCfg = Debug|Win32
		{BD439D7D-3B8B-4923-90D4-DDD4A233A487}.Debug|x86.Build.0 = Debug|Win32
		{BD439D7D-3B8B-4923-90D4-DDD4A233A487}.Release|x64.ActiveCfg = Release|x64
		{BD439D7D-3B8B-4923-90D4-DDD4A233A487}.Release|x64.Build.0 = Release|x64
		{BD439D7D-3B8B-4923-90D4-DDD4A233A487}.Release|x86.ActiveCfg = Release|Win32
		{BD439D7D-3B8B-4923-90D4-DDD4A233A487}.Release|x86.Build.0 = Release|Win32
		{82DF9131-D11B-488E-AA59-D4F320828368}.Debug|x64.ActiveCfg = Debug|x64
		{82DF9131-D11B-488E-AA59-D4F320828368}.Debug|x64.Build.0 = Debug|x64
		{82DF9131-D11B-488E-AA59-D4F320828368}.Debug|x86.ActiveCfg = Debug|Win32
		{82DF9131-D11B-488E-AA59-D4F320828368}.Debug|x86.Build.0 = Debug|Win32
		{82DF9131-D11B-488E-AA59-D4F320828368}.Release|x64.ActiveCfg = Release|x64
		{82DF9131-D11B-488E-AA59-D4F320828368}.Release|x64.Build.0 = Release|x64
		{82DF9131-D11B-488E-AA59-D4F320828368}.Release|x86.ActiveCfg = Release|Win32
		{82DF9131-D11B-488E-AA59-D4F320828368}.Release|x86.Build.0 = Release|Win32
	EndGlobalSection
	GlobalSection(SolutionProperties) = preSolution
		HideSolutionNode = FALSE
	EndGlobalSection
	GlobalSection(ExtensibilityGlobals) = postSolution
		SolutionGuid = {422E15D2-DB99-4FC1-A366-31D96648581F}
	EndGlobalSection
EndGlobal
